github.com/BurntSushi/toml v0.0.0-20170626110600-a368813c5e64 h1:BuYewlQyh/jroxY8qx41SrzD8Go17GkyCyAeVmprvQI=
github.com/BurntSushi/toml v0.0.0-20170626110600-a368813c5e64/go.mod h1:xHWCNGjB5oqiDr8zfno3MHue2Ht5sIBksp03qcyfWMU=
github.com/CloudyKit/fastprinter v0.0.0-20170127035650-74b38d55f37a h1:3SgJcK9l5uPdBC/X17wanyJAMxM33+4ZhEIV96MIH8U=
github.com/CloudyKit/fastprinter v0.0.0-20170127035650-74b38d55f37a/go.mod h1:EFZQ978U7x8IRnstaskI3IysnWY5Ao3QgZUKOXlsAdw=
github.com/CloudyKit/jet v0.0.0-20170608194317-a1c4500d4bee h1:aQ1KqdGMxxDhW0S9XOSTQZ4SN9CMYRiPPwzlZWuwd/Q=
github.com/CloudyKit/jet v0.0.0-20170608194317-a1c4500d4bee/go.mod h1:HPYO+50pSWkPoj9Q/eq0aRGByCL6ScRlUmiEX5Zgm+w=
github.com/RoaringBitmap/roaring v0.3.9 h1:tEHJLy9Joh1CcYftimSN3g2brDwfdrhnkIHgF9yGPX0=
github.com/RoaringBitmap/roaring v0.3.9/go.mod h1:8khRDP4HmeXns4xIj9oGrKSz7XTQiJx2zgh7AcNke4w=
github.com/Sirupsen/logrus v0.0.0-20170504071019-5b60b3d3ee01 h1:3FUhX6LIQdNCmFG3XoI8c5N5YTJP7A6mDwhVcEGLJaw=
github.com/Sirupsen/logrus v0.0.0-20170504071019-5b60b3d3ee01/go.mod h1:rmk17hk6i8ZSAJkSDa7nOxamrG+SP4P0mm+DAvExv4U=
github.com/anacrolix/dht v0.0.0-20171003000126-55080c51975f h1:3V05pBqtaBd+1GaUjF6HYOKeFa3qn4Pwp7DiUBmkHPg=
github.com/anacrolix/dht v0.0.0-20171003000126-55080c51975f/go.mod h1:hQfX2BrtuQsLQMYQwsypFAab/GvHg8qxwVi4OJdR1WI=
github.com/anacrolix/go-libutp v0.0.0-20170923085334-98f848b9a2e9 h1:jS8Qb6u2glH4puKLG77FpFN8+gJrdWx/sZgfRh/WyAI=
github.com/anacrolix/go-libutp v0.0.0-20170923085334-98f848b9a2e9/go.mod h1:beQSaSxwH2d9Eeu5ijrEnHei5Qhk+J6cDm1QkWFru4E=
github.com/anacrolix/missinggo v0.0.0-20170923123016-b7a170825af6 h1:NZ3Z6riNdoTLb+jFbRKaLisbo9d1iQA9BqQkgrV66mk=
github.com/anacrolix/missinggo v0.0.0-20170923123016-b7a170825af6/go.mod h1:b0p+7cn+rWMIphK1gDH2hrDuwGOcbB6V4VXeSsEfHVk=
github.com/anacrolix/sync v0.0.0-20161214004505-d29d95568d36 h1:K7onsGIm8McPwYOnUOGOgYijQGWWzlo3WhPRfNwQ/NI=
github.com/anacrolix/sync v0.0.0-20161214004505-d29d95568d36/go.mod h1:+u91KiUuf0lyILI6x3n/XrW7iFROCZCG+TjgK8nW52w=
github.com/anacrolix/torrent v0.0.0-20170923052813-17ea4f7fdd2b h1:xztj74Jl1tM+xEggs2kqTugeeSATrUcp/pifEorsbsQ=
github.com/anacrolix/torrent v0.0.0-20170923052813-17ea4f7fdd2b/go.mod h1:w+zWzagAI9Qm0NmBHLL1p2WK0TuqZt0J/j6EdOUkLEs=
github.com/anacrolix/utp v0.0.0-20170826155749-87ba7933b8d7/go.mod h1:MDwc+vsGEq7RMw6lr2GKOEqjWny5hO5OZXRVNaBJ2Dk=
github.com/asaskevich/govalidator v0.0.0-20170529110029-aa5cce4a76ed h1:gPIkJ0wJPUwQwHP2iSW9XrRv6t8ct7RQtyjSDM12wwA=
github.com/asaskevich/govalidator v0.0.0-20170529110029-aa5cce4a76ed/go.mod h1:lB+ZfQJz7igIIfQNfa7Ml4HSf2uFQQRzpGGRXenZAgY=
github.com/boltdb/bolt v1.3.1 h1:JQmyP4ZBrce+ZQu0dY660FMfatumYDLun9hBCUVIkF4=
github.com/boltdb/bolt v1.3.1/go.mod h1:clJnj/oiGkjum5o1McbSZDSLxVThjynRyGBgiAx27Ps=
github.com/bradfitz/iter v0.0.0-20140124041915-454541ec3da2 h1:1B/+1BcRhOMG1KH/YhNIU8OppSWk5d/NGyfRla88CuY=
github.com/bradfitz/iter v0.0.0-20140124041915-454541ec3da2/go.mod h1:PyRFw1Lt2wKX4ZVSQ2mk+PeDa1rxyObEDlApuIsUKuo=
github.com/bradfitz/slice v0.0.0-20160823171949-d9036e2120b5 h1:i2YH7UF+OLvc168kF3/xPUppI6ukksCg9QPtTMgqTIY=
github.com/bradfitz/slice v0.0.0-20160823171949-d9036e2120b5/go.mod h1:pccXHIvs3TV/TUqSNyEvF99sxjX2r4FFRIyw6TZY9+w=
github.com/davecgh/go-spew v0.0.0-20170711183451-adab96458c51 h1:6HtyV9eyjTS2qw6oy8AUPnKvo8P0CUzv6xyUmcMFhK8=
github.com/davecgh/go-spew v0.0.0-20170711183451-adab96458c51/go.mod h1:J7Y8YcW2NihsgmVo/mv3lAwl/skON4iLHjSsI+c5H38=
github.com/dchest/captcha v0.0.0-20150728125059-9e952142169c/go.mod h1:QGrK8vMWWHQYQ3QU9bw9Y9OPNfxccGzfb41qjvVeXtY=
github.com/dgrijalva/jwt-go v0.0.0-20170608005149-a539ee1a749a/go.mod h1:E3ru+11k8xSBh+hMPgOLZmtrrCbhqsmaPHjLKYnJCaQ=
github.com/dustin/go-humanize v0.0.0-20170228161531-259d2a102b87 h1:uPzP/9GIqYKvZAmz4IayKMMZiWRWNtGynUREBtTXPXA=
github.com/dustin/go-humanize v0.0.0-20170228161531-259d2a102b87/go.mod h1:HtrtbFcZ19U5GC7JDqmcUSB87Iq5E25KnS6fMYU6eOk=
github.com/edsrzf/mmap-go v0.0.0-20170320065105-0bce6a688712 h1:aaQcKT9WumO6JEJcRyTqFVq4XUZiUcKR2/GI31TOcz8=
github.com/edsrzf/mmap-go v0.0.0-20170320065105-0bce6a688712/go.mod h1:YO35OhQPt3KJa3ryjFM5Bs14WD66h8eGKpfaBNrHW5M=
github.com/fatih/structs v0.0.0-20170612125544-7e5a8eef611e h1:vZArIvKmUCXkfykdj4JXai1JBlmNQxyYxwi4+AYsA9k=
github.com/fatih/structs v0.0.0-20170612125544-7e5a8eef611e/go.mod h1:9NiDSp5zOcgEDl+j00MP/WkGVPOlPRLejGD8Ga6PJ7M=
github.com/frustra/bbcode v0.0.0-20150429195712-e3d2906cb269 h1:vy2ST2Oei+ufQbK6MzbraeuHkn/2sS0Q1zNF8u8xr/8=
github.com/frustra/bbcode v0.0.0-20150429195712-e3d2906cb269/go.mod h1:0QBxkXxN+o4FyZgLI9FHY/oUizheze3+bNY/kgCKL+4=
github.com/gin-gonic/gin v0.0.0-20170428105923-d5b353c5d5a5 h1:xCMdPLWR2tNEwSVd+gT5pBxJBprNRT/TmbsUjEiz2ec=
github.com/gin-gonic/gin v0.0.0-20170428105923-d5b353c5d5a5/go.mod h1:7cKuhb5qV2ggCFctp2fJQ+ErvciLZrIeoOSOm6mUr7Y=
github.com/glycerine/go-unsnap-stream v0.0.0-20161213071857-87275cecd8e9 h1:BRaTsWANIl0kqAbS7cCUmi7xWYd/bFnVnioP2Ony0ms=
github.com/glycerine/go-unsnap-stream v0.0.0-20161213071857-87275cecd8e9/go.mod h1:/20jfyN9Y5QPEAprSgKAUr+glWDY39ZiUEAYOEv5dsE=
github.com/go-playground/locales v0.0.0-20170327191450-1e5f1161c641 h1:I4ff2nZlLpFVRofYk8c6JdA9rpeI1fuInIQVyUx0MDU=
github.com/go-playground/locales v0.0.0-20170327191450-1e5f1161c641/go.mod h1:IUMDtCfWo/w/mtMfIE/IG2K+Ey3ygWanZIBtBW0W2TM=
github.com/go-playground/universal-translator v0.0.0-20170327191703-71201497bace h1:vfBaUX49VsqTxXGADDIWvTPvaU4AbQyX/yENHE0f7AY=
github.com/go-playground/universal-translator v0.0.0-20170327191703-71201497bace/go.mod h1:1AnU7NaIRDWWzGEKwgtJRd2xk99HeFyHw3yid4rvQIY=
github.com/go-playground/validator v9.4.0+incompatible h1:59n+Li4+rKrwEBZBPBZ+OsvhRbwbDwtzOJfHUSwOP70=
github.com/go-playground/validator v9.4.0+incompatible/go.mod h1:yrEkQXlcI+PugkyDjY2bRrL/UBU4f3rvrgkN3V8JEig=
github.com/golang/protobuf v0.0.0-20170622202551-6a1fa9404c0a h1:5X905hYB5maQbwC9ltdknryvCPb4v+D0pWDQXaYQWyk=
github.com/golang/protobuf v0.0.0-20170622202551-6a1fa9404c0a/go.mod h1:6lQm79b+lXiMfvg/cZm0SGofjICqVBUtrP5yJMmIC1U=
github.com/golang/snappy v0.0.0-20170215233205-553a64147049 h1:K9KHZbXKpGydfDN0aZrsoHpLJlZsBrGMFWbgLDGnPZk=
github.com/golang/snappy v0.0.0-20170215233205-553a64147049/go.mod h1:/XxbfmMg8lxefKM7IXC3fBNl/7bRcc72aCRzEWrmP2Q=
github.com/google/btree v0.0.0-20161217183710-316fb6d3f031 h1:yAx4v8FikdsGCBPzIaT2F+0WH0J+wcL7cQD9n3UbyOk=
github.com/google/btree v0.0.0-20161217183710-316fb6d3f031/go.mod h1:lNA+9X1NB3Zf8V7Ke586lFgjr2dZNuvo3lPJSGZ5JPQ=
github.com/gorilla/feeds v0.0.0-20160207162205-441264de03a8/go.mod h1:Nk0jZrvPFZX1OBe5NPiddPw7CfwF6Q9eqzaBbaightA=
github.com/gorilla/securecookie v1.1.1 h1:miw7JPhV+b/lAHSXz4qd/nN9jRiAFV5FwjeKyCS8BvQ=
github.com/gorilla/securecookie v1.1.1/go.mod h1:ra0sb63/xPlUeL+yeDciTfxMRAA+MP+HVt/4epWDjd4=
github.com/jinzhu/configor v0.0.0-20170522021620-ff2ac2b1ce3d h1:LSw++XTcHHtNg1OEv229cyX9Dw5z0T1V6ryY/FmJU0c=
github.com/jinzhu/configor v0.0.0-20170522021620-ff2ac2b1ce3d/go.mod h1:xycrO0mK6seJRAHXsdyk54QgPJ20aQNpTGi5xv8jQg8=
github.com/jinzhu/gorm v0.0.0-20170723080543-5b8c0dd6b92d h1:RDtm+9M96bhHJ55MtZi8ORV/V9ojGDlVdnczdZrzmL4=
github.com/jinzhu/gorm v0.0.0-20170723080543-5b8c0dd6b92d/go.mod h1:Vla75njaFJ8clLU1W44h34PjIkijhjHIYnZxMqCdxqo=
github.com/jinzhu/inflection v0.0.0-20170102125226-1c35d901db3d h1:jRQLvyVGL+iVtDElaEIDdKwpPqUIZJfzkNLV34htpEc=
github.com/jinzhu/inflection v0.0.0-20170102125226-1c35d901db3d/go.mod h1:h+uFLlag+Qp1Va5pdKtLDYj+kHp5pxUVkryuEj+Srlc=
github.com/justinas/nosurf v0.0.0-20161004085251-8e1568277264 h1:sC9w4DjdsbpgobOl7VZidmWdm09gk27QuMD0EQZCfVc=
github.com/justinas/nosurf v0.0.0-20161004085251-8e1568277264/go.mod h1:Aucr5I5chr4OCuuVB4LTuHVrKHBuyRSo7vM2hqrcb7E=
github.com/lib/pq v0.0.0-20170324204654-2704adc878c2 h1:2imqQk4oITdu2OSQcxO1A/yR6vftxSUI8iCQo8Ra4Jw=
github.com/lib/pq v0.0.0-20170324204654-2704adc878c2/go.mod h1:5WUZQaWbwv1U+lTReE5YruASi9Al49XbQIvNi/34Woo=
github.com/majestrate/i2p-tools v0.0.0-20170507194519-afc8e46afa95/go.mod h1:e/TZ1O6X9t0qitnKc3xvHq8VXDpm/FmYuFf21epEkUc=
github.com/manucorporat/sse v0.0.0-20160126180136-ee05b128a739 h1:ykXz+pRRTibcSjG1yRhpdSHInF8yZY/mfn+Rz2Nd1rE=
github.com/manucorporat/sse v0.0.0-20160126180136-ee05b128a739/go.mod h1:zUx1mhth20V3VKgL5jbd1BSQcW4Fy6Qs4PZvQwRFwzM=
github.com/mattn/go-isatty v0.0.2 h1:F+DnWktyadxnOrohKLNUC9/GjFii5RJgY4GFG6ilggw=
github.com/mattn/go-isatty v0.0.2/go.mod h1:M+lRXTBqGeGNdLjl/ufCoiOlB5xdOkqRJdNxMWT7Zi4=
github.com/mattn/go-sqlite3 v0.0.0-20170407154627-cf7286f069c3 h1:a/pBXmDboAJ2dwrZIDgQAEpeFKCYbrCh6Gz9OtJ9iHo=
github.com/mattn/go-sqlite3 v0.0.0-20170407154627-cf7286f069c3/go.mod h1:FPy6KqzDD04eiIsT53CuJW3U88zkxoIYsOqkbpncsNc=
github.com/microcosm-cc/bluemonday v0.0.0-20161202143824-e79763773ab6 h1:2T48MyyWdAAK0H21T9BNxQTSzQDaamS1t1tAvNHHXjE=
github.com/microcosm-cc/bluemonday v0.0.0-20161202143824-e79763773ab6/go.mod h1:hsXNsILzKxV+sX77C5b8FSuKF00vh2OMYv+xgHpAMF4=
github.com/mohae/deepcopy v0.0.0-20170603005431-491d3605edfb h1:e+l77LJOEqXTIQihQJVkA6ZxPOUmfPM5e4H7rcpgtSk=
github.com/mohae/deepcopy v0.0.0-20170603005431-491d3605edfb/go.mod h1:TaXosZuwdSHYgviHp1DAtfrULt5eUgsSMsZf+YrPgl8=
github.com/moul/http2curl v0.0.0-20161031194548-4e24498b31db/go.mod h1:8UbvGypXm98wA/IqH45anm5Y2Z6ep6O31QGOAZ3H0fQ=
github.com/mschoch/smat v0.0.0-20160514031455-90eadee771ae/go.mod h1:qAyveg+e4CE+eKJXWVjKXM4ck2QobLqTDytGJbLLhJg=
github.com/nicksnyder/go-i18n v0.0.0-20170406124612-f373441d6d54 h1:AHyPmB6Ov3TqL8dZYdF+VnNdH34YOrGLprO5KxQND74=
github.com/nicksnyder/go-i18n v0.0.0-20170406124612-f373441d6d54/go.mod h1:HrK7VCrbOvQoUAQ7Vpy7i87N7JZZZ7R2xBGjv0j365Q=
github.com/ory/fosite v0.0.0-20170709225030-c45a37d3bb9e h1:Q32OzNMLCnqNLxqZCKg2J/nKIonnV2KiQOGh9vXQGc4=
github.com/ory/fosite v0.0.0-20170709225030-c45a37d3bb9e/go.mod h1:GqXjhsdJrOhVNXJjG+dxZuzKaSDacujKYw++QUZmr0A=
github.com/parnurzeal/gorequest v0.0.0-20170429061244-5bf13be19878/go.mod h1:3Kh2QUMJoqw3icWAecsyzkpY7UzRfDhbRdTjtNwNiUE=
github.com/patrickmn/go-cache v0.0.0-20170418232947-7ac151875ffb h1:TytdvXWFYkdCn7KS+eNlZULXgc3J9nWzLR/233gWwBw=
github.com/patrickmn/go-cache v0.0.0-20170418232947-7ac151875ffb/go.mod h1:3Qf8kWWT7OJRJbdiICTKqZju1ZixQ/KpMGzzAfe6+WQ=
github.com/pborman/uuid v0.0.0-20170612153648-e790cca94e6c h1:MUyE44mTvnI5A0xrxIxaMqoWFzPfQvtE2IWUollMDMs=
github.com/pborman/uuid v0.0.0-20170612153648-e790cca94e6c/go.mod h1:VyrYX9gd7irzKovcSS6BIIEwPRkP2Wm2m9ufcdFSJ34=
github.com/pelletier/go-buffruneio v0.2.0 h1:U4t4R6YkofJ5xHm3dJzuRpPZ0mr5MMCoAWooScCR7aA=
github.com/pelletier/go-buffruneio v0.2.0/go.mod h1:JkE26KsDizTr40EUHkXVtNPvgGtbSNq5BcowyYOWdKo=
github.com/pelletier/go-toml v0.0.0-20170504040314-97253b98df84 h1:9KOR9QNTGIS7UhXiOY9P2NNMAnCG3a/j0s4CXD7FGkA=
github.com/pelletier/go-toml v0.0.0-20170504040314-97253b98df84/go.mod h1:5z9KED0ma1S8pY6P1sdut58dfprrGBbd/94hg7ilaic=
github.com/philhofer/fwd v0.0.0-20170616204054-1612a2981176 h1:sRl0O0e79gdc6LX0N1kX5hxPM2cD936OiaeOBV+0sNw=
github.com/philhofer/fwd v0.0.0-20170616204054-1612a2981176/go.mod h1:gk3iGcWd9+svBvR0sR+KPcfE+RNWozjowpeBVG3ZVNU=
github.com/pkg/errors v0.0.0-20170505043639-c605e284fe17 h1:chPfVn+gpAM5CTpTyVU9j8J+xgRGwmoDlNDLjKnJiYo=
github.com/pkg/errors v0.0.0-20170505043639-c605e284fe17/go.mod h1:bwawxfHBFNV+L2hUp1rHADufV3IMtnDRdf1r5NINEl0=
github.com/pmezard/go-difflib v1.0.0 h1:4DBwDE0NGyQoBHbLQYPwSUPoCMWR5BEzIk/f1lZbAQM=
github.com/pmezard/go-difflib v1.0.0/go.mod h1:iKH77koFhYxTK1pcRnkKkqfTogsbg7gZNVY4sRDYZ/4=
github.com/russross/blackfriday v0.0.0-20170509060714-0ba0f2b6ed7c h1:C6rqaZ4Sr0HCvcR3oE/xLhgjA6v8jrwo4RgoMTE3ZEs=
github.com/russross/blackfriday v0.0.0-20170509060714-0ba0f2b6ed7c/go.mod h1:JO/DiYxRf+HjHt06OyowR9PTA263kcR/rfWxYHBV53g=
github.com/ryszard/goskiplist v0.0.0-20150312221310-2dfbae5fcf46 h1:GHRpF1pTW19a8tTFrMLUcfWwyC0pnifVo2ClaLq+hP8=
github.com/ryszard/goskiplist v0.0.0-20150312221310-2dfbae5fcf46/go.mod h1:uAQ5PCi+MFsC7HjREoAz1BU+Mq60+05gifQSsHSDG/8=
github.com/spaolacci/murmur3 v0.0.0-20150829172844-0d12bf811670 h1:hKP4ACPoBBCnBbhoiuJXiYlSDhAvC9s4lgzAPmtVdU0=
github.com/spaolacci/murmur3 v0.0.0-20150829172844-0d12bf811670/go.mod h1:JwIasOWyU6f++ZhiEuf87xNszmSA2myDM2Kzu9HwQUA=
github.com/stretchr/testify v0.0.0-20170714215325-05e8a0eda380 h1:MsolbevHkd4SpbeG4dHLHj6I9jzoohyNI6EK6JvR5hE=
github.com/stretchr/testify v0.0.0-20170714215325-05e8a0eda380/go.mod h1:a8OnRcib4nhh0OaRAV+Yts87kKdq0PP7pXfy6kDkUVs=
github.com/tinylib/msgp v1.0.2 h1:DfdQrzQa7Yh2es9SuLkixqxuXS2SxsdYn0KbdrOGWD8=
github.com/tinylib/msgp v1.0.2/go.mod h1:+d+yLhGm8mzTaHzB+wgMYrodPfmZrzkirds8fDWklFE=
github.com/willf/bitset v1.1.2 h1:qRQzojujJ9p4JrdmSxeu3hn348shKWovBYAQth9NoTg=
github.com/willf/bitset v1.1.2/go.mod h1:RjeCKbqT1RxIR/KWY6phxZiaY1IyutSBfGjNPySAYV4=
github.com/willf/bloom v2.0.3+incompatible h1:QDacWdqcAUI1MPOwIQZRy9kOR7yxfyEmxX8Wdm2/JPA=
github.com/willf/bloom v2.0.3+incompatible/go.mod h1:MmAltL9pDMNTrvUkxdg0k0q5I0suxmuwp3KbyrZLOZ8=
github.com/zeebo/bencode v0.0.0-20170104174318-03ce512f17ce h1:s5D0hwsQPCXPw05Z/P9JuEr6k/wo3M/Qu4a1k9YjBSI=
github.com/zeebo/bencode v0.0.0-20170104174318-03ce512f17ce/go.mod h1:Ct7CkrWIQuLWAy9M3atFHYq4kG9Ao/SsY5cdtCXmp9Y=
go4.org v0.0.0-20170505145847-16ace784e4b1 h1:yrA+CQS2NoO5Z/RA0Ap4mWpW98xp6Se5Nui9PtXKTMs=
go4.org v0.0.0-20170505145847-16ace784e4b1/go.mod h1:MkTOUMDaeVYJUOUsaDXIhWPZYa1yOyC1qaOBpL57BhE=
golang.org/x/crypto v0.0.0-20170504151630-5a033cc77e57 h1:9LlsxwZbhnF02BNA7fzqpVAoOQepoOTtCpZz2t6YeXk=
golang.org/x/crypto v0.0.0-20170504151630-5a033cc77e57/go.mod h1:6SG95UA2DQfeDnfUPMdvaQW0Q7yPrPDi9nlGo2tz2b4=
golang.org/x/net v0.0.0-20170503120255-feeb485667d1 h1:ED1ux2Gd2RrNOJ0GyENgOJEhK1yAo6Xx/+CNrzZlcig=
golang.org/x/net v0.0.0-20170503120255-feeb485667d1/go.mod h1:mL1N/T3taQHkDXs73rZJwtUhF3w3ftmwwsq0BUmARs4=
golang.org/x/oauth2 v0.0.0-20170719200132-b53b38ad8a64/go.mod h1:N/0e6XlmueqKjAGxoOufVs8QHGRruUQn6yWY3a++T0U=
golang.org/x/sys v0.0.0-20170524191247-a55a76086885/go.mod h1:STP8DvDyc/dI5b8T5hshtkjS+E42TnysNCUPdjciGhY=
golang.org/x/text v0.0.0-20170706130353-cfdf022e86b4 h1:LBbuS6bbgvFy6TenhpOngey6iYIaIYKM4Ue+FTSBgwo=
golang.org/x/text v0.0.0-20170706130353-cfdf022e86b4/go.mod h1:NqM8EUOU14njkJ3fqMW+pc6Ldnwhi/IjpwHt7yyuwOQ=
golang.org/x/time v0.0.0-20170424234030-8be79e1e0910 h1:bCMaBn7ph495H+x72gEvgcv+mDRd9dElbzo/mVCMxX4=
golang.org/x/time v0.0.0-20170424234030-8be79e1e0910/go.mod h1:tRJNPiyCQ0inRvYxbN9jk5I+vvW/OXSQhTDSoE431IQ=
gopkg.in/go-playground/validator.v8 v8.18.1 h1:F8SLY5Vqesjs1nI1EL4qmF1PQZ1sitsmq0rPYXLyfGU=
gopkg.in/go-playground/validator.v8 v8.18.1/go.mod h1:RX2a/7Ha8BgOhfk7j780h4/u/RRjR0eouCJSH80/M2Y=
gopkg.in/gomail.v2 v2.0.0-20160411212932-81ebce5c23df/go.mod h1:LRQQ+SO6ZHR7tOkpBDuZnXENFzX8qRjMDMyPD6BRkCw=
gopkg.in/natefinch/lumberjack.v2 v2.0.0-20161104145732-dd45e6a67c53 h1:Kjoe/521+yYTO0xv6VymPwLPVq3RES8170ZpJkrFE9Q=
gopkg.in/natefinch/lumberjack.v2 v2.0.0-20161104145732-dd45e6a67c53/go.mod h1:l0ndWWf7gzL7RNwBG7wST/UCcT4T24xpD6X8LsfU/+k=
gopkg.in/olivere/elastic.v5 v5.0.38 h1:iEaO48mlOqDzEwgNCkqktImanRqynwCtlz1RNlW0GQk=
gopkg.in/olivere/elastic.v5 v5.0.38/go.mod h1:FylZT6jQWtfHsicejzOm3jIMVPOAksa80i3o+6qtQRk=
gopkg.in/yaml.v1 v1.0.0-20140924161607-9f9df34309c0 h1:POO/ycCATvegFmVuPpQzZFJ+pGZeX22Ufu6fibxDVjU=
gopkg.in/yaml.v1 v1.0.0-20140924161607-9f9df34309c0/go.mod h1:WDnlLJ4WF5VGsH/HVa3CI79GS0ol3YnhVnKP89i0kNg=
gopkg.in/yaml.v2 v2.0.0-20170407172122-cd8b52f8269e h1:o/mfNjxpTLivuKEfxzzwrJ8PmulH2wEp7t713uMwKAA=
gopkg.in/yaml.v2 v2.0.0-20170407172122-cd8b52f8269e/go.mod h1:JAlM8MvJe8wmxCU4Bli9HhUf9+ttbYbLASfIpnQbh74=
